{
  "name": "api-covid19-india",
  "version": "1.0.0",
  "lockfileVersion": 1,
  "requires": true,
  "dependencies": {
    "he": {
      "version": "1.1.1",
      "resolved": "https://registry.npmjs.org/he/-/he-1.1.1.tgz",
      "integrity": "sha1-k0EP0hsAlzUVH4howvJx80J+I/0="
    },
    "node-html-parser": {
      "version": "1.2.12",
      "resolved": "https://registry.npmjs.org/node-html-parser/-/node-html-parser-1.2.12.tgz",
      "integrity": "sha512-HnmSRgHz+nhXfaii1KBNGwtGBx8ClLZ+GDQHAUNJ43YR3krfJMSMcMwFW8qwrHioPJaiaZ6xrDkcGjlffF0rnw==",
      "requires": {
        "he": "1.1.1"
      }
    },
    "prettier": {
      "version": "1.19.1",
      "resolved": "https://registry.npmjs.org/prettier/-/prettier-1.19.1.tgz",
      "integrity": "sha512-s7PoyDv/II1ObgQunCbB9PdLmUcBZcnWOcxDh7O0N/UwDEsHyqkW+Qh28jW+mVuCdx7gLB0BotYI1Y6uI9iyew==",
      "dev": true
    }
  }
}
